// !$*UTF8*$!
{
	archiveVersion = 1;
	classes = {
	};
	objectVersion = 46;
	objects = {

/* Begin PBXBuildFile section */
		4E9C217A1D3D8625003ED221 /* PanToViewTransitionViewController.swift in Sources */ = {isa = PBXBuildFile; fileRef = 4E9C21791D3D8625003ED221 /* PanToViewTransitionViewController.swift */; };
		4E9C21DE1D527DF3003ED221 /* SimpleTransitionViewController.swift in Sources */ = {isa = PBXBuildFile; fileRef = 4E9C21DD1D527DF3003ED221 /* SimpleTransitionViewController.swift */; };
		4EC50A2F1D31867500D5FD17 /* AppDelegate.swift in Sources */ = {isa = PBXBuildFile; fileRef = 4EC50A2E1D31867500D5FD17 /* AppDelegate.swift */; };
		4EC50A341D31867500D5FD17 /* Main.storyboard in Resources */ = {isa = PBXBuildFile; fileRef = 4EC50A321D31867500D5FD17 /* Main.storyboard */; };
		4EC50A361D31867500D5FD17 /* Assets.xcassets in Resources */ = {isa = PBXBuildFile; fileRef = 4EC50A351D31867500D5FD17 /* Assets.xcassets */; };
		4EC50A391D31867500D5FD17 /* LaunchScreen.storyboard in Resources */ = {isa = PBXBuildFile; fileRef = 4EC50A371D31867500D5FD17 /* LaunchScreen.storyboard */; };
		4EC50A441D31867500D5FD17 /* ExampleTests.swift in Sources */ = {isa = PBXBuildFile; fileRef = 4EC50A431D31867500D5FD17 /* ExampleTests.swift */; };
		4EC50A4F1D31867500D5FD17 /* ExampleUITests.swift in Sources */ = {isa = PBXBuildFile; fileRef = 4EC50A4E1D31867500D5FD17 /* ExampleUITests.swift */; };
		4EC50A611D32424000D5FD17 /* TableViewCell.swift in Sources */ = {isa = PBXBuildFile; fileRef = 4EC50A601D32424000D5FD17 /* TableViewCell.swift */; };
		4EC50A671D3258B100D5FD17 /* ModalViewController.swift in Sources */ = {isa = PBXBuildFile; fileRef = 4EC50A661D3258B100D5FD17 /* ModalViewController.swift */; };
		4EC50A691D32731200D5FD17 /* ExpandingCellsTableViewController.swift in Sources */ = {isa = PBXBuildFile; fileRef = 4EC50A681D32731200D5FD17 /* ExpandingCellsTableViewController.swift */; };
		F1CB68BA30666B41E8BE0C1C /* Pods_Example.framework in Frameworks */ = {isa = PBXBuildFile; fileRef = 70C93DBC04815E307C4414B2 /* Pods_Example.framework */; };
/* End PBXBuildFile section */

/* Begin PBXContainerItemProxy section */
		4EC50A401D31867500D5FD17 /* PBXContainerItemProxy */ = {
			isa = PBXContainerItemProxy;
			containerPortal = 4EC50A231D31867500D5FD17 /* Project object */;
			proxyType = 1;
			remoteGlobalIDString = 4EC50A2A1D31867500D5FD17;
			remoteInfo = Example;
		};
		4EC50A4B1D31867500D5FD17 /* PBXContainerItemProxy */ = {
			isa = PBXContainerItemProxy;
			containerPortal = 4EC50A231D31867500D5FD17 /* Project object */;
			proxyType = 1;
			remoteGlobalIDString = 4EC50A2A1D31867500D5FD17;
			remoteInfo = Example;
		};
/* End PBXContainerItemProxy section */

/* Begin PBXFileReference section */
		1E473F64E5B69B61F0465E4F /* Pods-Example.release.xcconfig */ = {isa = PBXFileReference; includeInIndex = 1; lastKnownFileType = text.xcconfig; name = "Pods-Example.release.xcconfig"; path = "Pods/Target Support Files/Pods-Example/Pods-Example.release.xcconfig"; sourceTree = "<group>"; };
		4E9C21791D3D8625003ED221 /* PanToViewTransitionViewController.swift */ = {isa = PBXFileReference; fileEncoding = 4; lastKnownFileType = sourcecode.swift; path = PanToViewTransitionViewController.swift; sourceTree = "<group>"; };
		4E9C21DD1D527DF3003ED221 /* SimpleTransitionViewController.swift */ = {isa = PBXFileReference; fileEncoding = 4; lastKnownFileType = sourcecode.swift; path = SimpleTransitionViewController.swift; sourceTree = "<group>"; };
		4EC50A2B1D31867500D5FD17 /* Example.app */ = {isa = PBXFileReference; explicitFileType = wrapper.application; includeInIndex = 0; path = Example.app; sourceTree = BUILT_PRODUCTS_DIR; };
		4EC50A2E1D31867500D5FD17 /* AppDelegate.swift */ = {isa = PBXFileReference; lastKnownFileType = sourcecode.swift; path = AppDelegate.swift; sourceTree = "<group>"; };
		4EC50A331D31867500D5FD17 /* Base */ = {isa = PBXFileReference; lastKnownFileType = file.storyboard; name = Base; path = Base.lproj/Main.storyboard; sourceTree = "<group>"; };
		4EC50A351D31867500D5FD17 /* Assets.xcassets */ = {isa = PBXFileReference; lastKnownFileType = folder.assetcatalog; path = Assets.xcassets; sourceTree = "<group>"; };
		4EC50A381D31867500D5FD17 /* Base */ = {isa = PBXFileReference; lastKnownFileType = file.storyboard; name = Base; path = Base.lproj/LaunchScreen.storyboard; sourceTree = "<group>"; };
		4EC50A3A1D31867500D5FD17 /* Info.plist */ = {isa = PBXFileReference; lastKnownFileType = text.plist.xml; path = Info.plist; sourceTree = "<group>"; };
		4EC50A3F1D31867500D5FD17 /* ExampleTests.xctest */ = {isa = PBXFileReference; explicitFileType = wrapper.cfbundle; includeInIndex = 0; path = ExampleTests.xctest; sourceTree = BUILT_PRODUCTS_DIR; };
		4EC50A431D31867500D5FD17 /* ExampleTests.swift */ = {isa = PBXFileReference; lastKnownFileType = sourcecode.swift; path = ExampleTests.swift; sourceTree = "<group>"; };
		4EC50A451D31867500D5FD17 /* Info.plist */ = {isa = PBXFileReference; lastKnownFileType = text.plist.xml; path = Info.plist; sourceTree = "<group>"; };
		4EC50A4A1D31867500D5FD17 /* ExampleUITests.xctest */ = {isa = PBXFileReference; explicitFileType = wrapper.cfbundle; includeInIndex = 0; path = ExampleUITests.xctest; sourceTree = BUILT_PRODUCTS_DIR; };
		4EC50A4E1D31867500D5FD17 /* ExampleUITests.swift */ = {isa = PBXFileReference; lastKnownFileType = sourcecode.swift; path = ExampleUITests.swift; sourceTree = "<group>"; };
		4EC50A501D31867500D5FD17 /* Info.plist */ = {isa = PBXFileReference; lastKnownFileType = text.plist.xml; path = Info.plist; sourceTree = "<group>"; };
		4EC50A601D32424000D5FD17 /* TableViewCell.swift */ = {isa = PBXFileReference; fileEncoding = 4; lastKnownFileType = sourcecode.swift; path = TableViewCell.swift; sourceTree = "<group>"; };
		4EC50A661D3258B100D5FD17 /* ModalViewController.swift */ = {isa = PBXFileReference; fileEncoding = 4; lastKnownFileType = sourcecode.swift; path = ModalViewController.swift; sourceTree = "<group>"; };
		4EC50A681D32731200D5FD17 /* ExpandingCellsTableViewController.swift */ = {isa = PBXFileReference; fileEncoding = 4; lastKnownFileType = sourcecode.swift; path = ExpandingCellsTableViewController.swift; sourceTree = "<group>"; };
		593579E7996839A75FD68219 /* Pods.framework */ = {isa = PBXFileReference; explicitFileType = wrapper.framework; includeInIndex = 0; path = Pods.framework; sourceTree = BUILT_PRODUCTS_DIR; };
		70C93DBC04815E307C4414B2 /* Pods_Example.framework */ = {isa = PBXFileReference; explicitFileType = wrapper.framework; includeInIndex = 0; path = Pods_Example.framework; sourceTree = BUILT_PRODUCTS_DIR; };
		C42D6DB0188DC7BDC3F5F0AD /* Pods-Example.debug.xcconfig */ = {isa = PBXFileReference; includeInIndex = 1; lastKnownFileType = text.xcconfig; name = "Pods-Example.debug.xcconfig"; path = "Pods/Target Support Files/Pods-Example/Pods-Example.debug.xcconfig"; sourceTree = "<group>"; };
/* End PBXFileReference section */

/* Begin PBXFrameworksBuildPhase section */
		4EC50A281D31867500D5FD17 /* Frameworks */ = {
			isa = PBXFrameworksBuildPhase;
			buildActionMask = 2147483647;
			files = (
				F1CB68BA30666B41E8BE0C1C /* Pods_Example.framework in Frameworks */,
			);
			runOnlyForDeploymentPostprocessing = 0;
		};
		4EC50A3C1D31867500D5FD17 /* Frameworks */ = {
			isa = PBXFrameworksBuildPhase;
			buildActionMask = 2147483647;
			files = (
			);
			runOnlyForDeploymentPostprocessing = 0;
		};
		4EC50A471D31867500D5FD17 /* Frameworks */ = {
			isa = PBXFrameworksBuildPhase;
			buildActionMask = 2147483647;
			files = (
			);
			runOnlyForDeploymentPostprocessing = 0;
		};
/* End PBXFrameworksBuildPhase section */

/* Begin PBXGroup section */
		0D86929DC2C595E1CD427B8C /* Pods */ = {
			isa = PBXGroup;
			children = (
				C42D6DB0188DC7BDC3F5F0AD /* Pods-Example.debug.xcconfig */,
				1E473F64E5B69B61F0465E4F /* Pods-Example.release.xcconfig */,
			);
			name = Pods;
			sourceTree = "<group>";
		};
		4EC50A221D31867500D5FD17 = {
			isa = PBXGroup;
			children = (
				4EC50A2D1D31867500D5FD17 /* Example */,
				4EC50A421D31867500D5FD17 /* ExampleTests */,
				4EC50A4D1D31867500D5FD17 /* ExampleUITests */,
				4EC50A2C1D31867500D5FD17 /* Products */,
				F945BC2BD419A15197145C4D /* Frameworks */,
				0D86929DC2C595E1CD427B8C /* Pods */,
			);
			sourceTree = "<group>";
		};
		4EC50A2C1D31867500D5FD17 /* Products */ = {
			isa = PBXGroup;
			children = (
				4EC50A2B1D31867500D5FD17 /* Example.app */,
				4EC50A3F1D31867500D5FD17 /* ExampleTests.xctest */,
				4EC50A4A1D31867500D5FD17 /* ExampleUITests.xctest */,
			);
			name = Products;
			sourceTree = "<group>";
		};
		4EC50A2D1D31867500D5FD17 /* Example */ = {
			isa = PBXGroup;
			children = (
				4EC50A2E1D31867500D5FD17 /* AppDelegate.swift */,
				4E9C21DD1D527DF3003ED221 /* SimpleTransitionViewController.swift */,
				4EC50A681D32731200D5FD17 /* ExpandingCellsTableViewController.swift */,
				4EC50A601D32424000D5FD17 /* TableViewCell.swift */,
				4E9C21791D3D8625003ED221 /* PanToViewTransitionViewController.swift */,
				4EC50A661D3258B100D5FD17 /* ModalViewController.swift */,
				4EC50A321D31867500D5FD17 /* Main.storyboard */,
				4EC50A351D31867500D5FD17 /* Assets.xcassets */,
				4EC50A371D31867500D5FD17 /* LaunchScreen.storyboard */,
				4EC50A3A1D31867500D5FD17 /* Info.plist */,
			);
			path = Example;
			sourceTree = "<group>";
		};
		4EC50A421D31867500D5FD17 /* ExampleTests */ = {
			isa = PBXGroup;
			children = (
				4EC50A431D31867500D5FD17 /* ExampleTests.swift */,
				4EC50A451D31867500D5FD17 /* Info.plist */,
			);
			path = ExampleTests;
			sourceTree = "<group>";
		};
		4EC50A4D1D31867500D5FD17 /* ExampleUITests */ = {
			isa = PBXGroup;
			children = (
				4EC50A4E1D31867500D5FD17 /* ExampleUITests.swift */,
				4EC50A501D31867500D5FD17 /* Info.plist */,
			);
			path = ExampleUITests;
			sourceTree = "<group>";
		};
		F945BC2BD419A15197145C4D /* Frameworks */ = {
			isa = PBXGroup;
			children = (
				593579E7996839A75FD68219 /* Pods.framework */,
				70C93DBC04815E307C4414B2 /* Pods_Example.framework */,
			);
			name = Frameworks;
			sourceTree = "<group>";
		};
/* End PBXGroup section */

/* Begin PBXNativeTarget section */
		4EC50A2A1D31867500D5FD17 /* Example */ = {
			isa = PBXNativeTarget;
			buildConfigurationList = 4EC50A531D31867500D5FD17 /* Build configuration list for PBXNativeTarget "Example" */;
			buildPhases = (
				096EA3DAC009D1F0D5EFB5E4 /* [CP] Check Pods Manifest.lock */,
				4EC50A271D31867500D5FD17 /* Sources */,
				4EC50A281D31867500D5FD17 /* Frameworks */,
				4EC50A291D31867500D5FD17 /* Resources */,
				BAB4D39268444BA2D75BC2FD /* [CP] Embed Pods Frameworks */,
				39DD297CE192BE8E0041E57C /* [CP] Copy Pods Resources */,
			);
			buildRules = (
			);
			dependencies = (
			);
			name = Example;
			productName = Example;
			productReference = 4EC50A2B1D31867500D5FD17 /* Example.app */;
			productType = "com.apple.product-type.application";
		};
		4EC50A3E1D31867500D5FD17 /* ExampleTests */ = {
			isa = PBXNativeTarget;
			buildConfigurationList = 4EC50A561D31867500D5FD17 /* Build configuration list for PBXNativeTarget "ExampleTests" */;
			buildPhases = (
				4EC50A3B1D31867500D5FD17 /* Sources */,
				4EC50A3C1D31867500D5FD17 /* Frameworks */,
				4EC50A3D1D31867500D5FD17 /* Resources */,
			);
			buildRules = (
			);
			dependencies = (
				4EC50A411D31867500D5FD17 /* PBXTargetDependency */,
			);
			name = ExampleTests;
			productName = ExampleTests;
			productReference = 4EC50A3F1D31867500D5FD17 /* ExampleTests.xctest */;
			productType = "com.apple.product-type.bundle.unit-test";
		};
		4EC50A491D31867500D5FD17 /* ExampleUITests */ = {
			isa = PBXNativeTarget;
			buildConfigurationList = 4EC50A591D31867500D5FD17 /* Build configuration list for PBXNativeTarget "ExampleUITests" */;
			buildPhases = (
				4EC50A461D31867500D5FD17 /* Sources */,
				4EC50A471D31867500D5FD17 /* Frameworks */,
				4EC50A481D31867500D5FD17 /* Resources */,
			);
			buildRules = (
			);
			dependencies = (
				4EC50A4C1D31867500D5FD17 /* PBXTargetDependency */,
			);
			name = ExampleUITests;
			productName = ExampleUITests;
			productReference = 4EC50A4A1D31867500D5FD17 /* ExampleUITests.xctest */;
			productType = "com.apple.product-type.bundle.ui-testing";
		};
/* End PBXNativeTarget section */

/* Begin PBXProject section */
		4EC50A231D31867500D5FD17 /* Project object */ = {
			isa = PBXProject;
			attributes = {
				LastSwiftUpdateCheck = 0730;
				LastUpgradeCheck = 0730;
				ORGANIZATIONNAME = cocoatoucher;
				TargetAttributes = {
					4EC50A2A1D31867500D5FD17 = {
						CreatedOnToolsVersion = 7.3.1;
					};
					4EC50A3E1D31867500D5FD17 = {
						CreatedOnToolsVersion = 7.3.1;
						TestTargetID = 4EC50A2A1D31867500D5FD17;
					};
					4EC50A491D31867500D5FD17 = {
						CreatedOnToolsVersion = 7.3.1;
						TestTargetID = 4EC50A2A1D31867500D5FD17;
					};
				};
			};
			buildConfigurationList = 4EC50A261D31867500D5FD17 /* Build configuration list for PBXProject "Example" */;
			compatibilityVersion = "Xcode 3.2";
			developmentRegion = English;
			hasScannedForEncodings = 0;
			knownRegions = (
				en,
				Base,
			);
			mainGroup = 4EC50A221D31867500D5FD17;
			productRefGroup = 4EC50A2C1D31867500D5FD17 /* Products */;
			projectDirPath = "";
			projectRoot = "";
			targets = (
				4EC50A2A1D31867500D5FD17 /* Example */,
				4EC50A3E1D31867500D5FD17 /* ExampleTests */,
				4EC50A491D31867500D5FD17 /* ExampleUITests */,
			);
		};
/* End PBXProject section */

/* Begin PBXResourcesBuildPhase section */
		4EC50A291D31867500D5FD17 /* Resources */ = {
			isa = PBXResourcesBuildPhase;
			buildActionMask = 2147483647;
			files = (
				4EC50A391D31867500D5FD17 /* LaunchScreen.storyboard in Resources */,
				4EC50A361D31867500D5FD17 /* Assets.xcassets in Resources */,
				4EC50A341D31867500D5FD17 /* Main.storyboard in Resources */,
			);
			runOnlyForDeploymentPostprocessing = 0;
		};
		4EC50A3D1D31867500D5FD17 /* Resources */ = {
			isa = PBXResourcesBuildPhase;
			buildActionMask = 2147483647;
			files = (
			);
			runOnlyForDeploymentPostprocessing = 0;
		};
		4EC50A481D31867500D5FD17 /* Resources */ = {
			isa = PBXResourcesBuildPhase;
			buildActionMask = 2147483647;
			files = (
			);
			runOnlyForDeploymentPostprocessing = 0;
		};
/* End PBXResourcesBuildPhase section */

/* Begin PBXShellScriptBuildPhase section */
		096EA3DAC009D1F0D5EFB5E4 /* [CP] Check Pods Manifest.lock */ = {
			isa = PBXShellScriptBuildPhase;
			buildActionMask = 2147483647;
			files = (
			);
			inputPaths = (
			);
			name = "[CP] Check Pods Manifest.lock";
			outputPaths = (
			);
			runOnlyForDeploymentPostprocessing = 0;
			shellPath = /bin/sh;
			shellScript = "diff \"${PODS_ROOT}/../Podfile.lock\" \"${PODS_ROOT}/Manifest.lock\" > /dev/null\nif [[ $? != 0 ]] ; then\n    cat << EOM\nerror: The sandbox is not in sync with the Podfile.lock. Run 'pod install' or update your CocoaPods installation.\nEOM\n    exit 1\nfi\n";
			showEnvVarsInLog = 0;
		};
		39DD297CE192BE8E0041E57C /* [CP] Copy Pods Resources */ = {
			isa = PBXShellScriptBuildPhase;
			buildActionMask = 2147483647;
			files = (
			);
			inputPaths = (
			);
			name = "[CP] Copy Pods Resources";
			outputPaths = (
			);
			runOnlyForDeploymentPostprocessing = 0;
			shellPath = /bin/sh;
			shellScript = "\"${SRCROOT}/Pods/Target Support Files/Pods-Example/Pods-Example-resources.sh\"\n";
			showEnvVarsInLog = 0;
		};
		BAB4D39268444BA2D75BC2FD /* [CP] Embed Pods Frameworks */ = {
			isa = PBXShellScriptBuildPhase;
			buildActionMask = 2147483647;
			files = (
			);
			inputPaths = (
			);
			name = "[CP] Embed Pods Frameworks";
			outputPaths = (
			);
			runOnlyForDeploymentPostprocessing = 0;
			shellPath = /bin/sh;
			shellScript = "\"${SRCROOT}/Pods/Target Support Files/Pods-Example/Pods-Example-frameworks.sh\"\n";
			showEnvVarsInLog = 0;
		};
/* End PBXShellScriptBuildPhase section */

/* Begin PBXSourcesBuildPhase section */
		4EC50A271D31867500D5FD17 /* Sources */ = {
			isa = PBXSourcesBuildPhase;
			buildActionMask = 2147483647;
			files = (
				4EC50A691D32731200D5FD17 /* ExpandingCellsTableViewController.swift in Sources */,
				4EC50A671D3258B100D5FD17 /* ModalViewController.swift in Sources */,
				4E9C21DE1D527DF3003ED221 /* SimpleTransitionViewController.swift in Sources */,
				4E9C217A1D3D8625003ED221 /* PanToViewTransitionViewController.swift in Sources */,
				4EC50A611D32424000D5FD17 /* TableViewCell.swift in Sources */,
				4EC50A2F1D31867500D5FD17 /* AppDelegate.swift in Sources */,
			);
			runOnlyForDeploymentPostprocessing = 0;
		};
		4EC50A3B1D31867500D5FD17 /* Sources */ = {
			isa = PBXSourcesBuildPhase;
			buildActionMask = 2147483647;
			files = (
				4EC50A441D31867500D5FD17 /* ExampleTests.swift in Sources */,
			);
			runOnlyForDeploymentPostprocessing = 0;
		};
		4EC50A461D31867500D5FD17 /* Sources */ = {
			isa = PBXSourcesBuildPhase;
			buildActionMask = 2147483647;
			files = (
				4EC50A4F1D31867500D5FD17 /* ExampleUITests.swift in Sources */,
			);
			runOnlyForDeploymentPostprocessing = 0;
		};
/* End PBXSourcesBuildPhase section */

/* Begin PBXTargetDependency section */
		4EC50A411D31867500D5FD17 /* PBXTargetDependency */ = {
			isa = PBXTargetDependency;
			target = 4EC50A2A1D31867500D5FD17 /* Example */;
			targetProxy = 4EC50A401D31867500D5FD17 /* PBXContainerItemProxy */;
		};
		4EC50A4C1D31867500D5FD17 /* PBXTargetDependency */ = {
			isa = PBXTargetDependency;
			target = 4EC50A2A1D31867500D5FD17 /* Example */;
			targetProxy = 4EC50A4B1D31867500D5FD17 /* PBXContainerItemProxy */;
		};
/* End PBXTargetDependency section */

/* Begin PBXVariantGroup section */
		4EC50A321D31867500D5FD17 /* Main.storyboard */ = {
			isa = PBXVariantGroup;
			children = (
				4EC50A331D31867500D5FD17 /* Base */,
			);
			name = Main.storyboard;
			sourceTree = "<group>";
		};
		4EC50A371D31867500D5FD17 /* LaunchScreen.storyboard */ = {
			isa = PBXVariantGroup;
			children = (
				4EC50A381D31867500D5FD17 /* Base */,
			);
			name = LaunchScreen.storyboard;
			sourceTree = "<group>";
		};
/* End PBXVariantGroup section */

/* Begin XCBuildConfiguration section */
		4EC50A511D31867500D5FD17 /* Debug */ = {
			isa = XCBuildConfiguration;
			buildSettings = {
				ALWAYS_SEARCH_USER_PATHS = NO;
				CLANG_ANALYZER_NONNULL = YES;
				CLANG_CXX_LANGUAGE_STANDARD = "gnu++0x";
				CLANG_CXX_LIBRARY = "libc++";
				CLANG_ENABLE_MODULES = YES;
				CLANG_ENABLE_OBJC_ARC = YES;
				CLANG_WARN_BOOL_CONVERSION = YES;
				CLANG_WARN_CONSTANT_CONVERSION = YES;
				CLANG_WARN_DIRECT_OBJC_ISA_USAGE = YES_ERROR;
				CLANG_WARN_EMPTY_BODY = YES;
				CLANG_WARN_ENUM_CONVERSION = YES;
				CLANG_WARN_INT_CONVERSION = YES;
				CLANG_WARN_OBJC_ROOT_CLASS = YES_ERROR;
				CLANG_WARN_UNREACHABLE_CODE = YES;
				CLANG_WARN__DUPLICATE_METHOD_MATCH = YES;
				"CODE_SIGN_IDENTITY[sdk=iphoneos*]" = "iPhone Developer";
				COPY_PHASE_STRIP = NO;
				DEBUG_INFORMATION_FORMAT = dwarf;
				ENABLE_STRICT_OBJC_MSGSEND = YES;
				ENABLE_TESTABILITY = YES;
				GCC_C_LANGUAGE_STANDARD = gnu99;
				GCC_DYNAMIC_NO_PIC = NO;
				GCC_NO_COMMON_BLOCKS = YES;
				GCC_OPTIMIZATION_LEVEL = 0;
				GCC_PREPROCESSOR_DEFINITIONS = (
					"DEBUG=1",
					"$(inherited)",
				);
				GCC_WARN_64_TO_32_BIT_CONVERSION = YES;
				GCC_WARN_ABOUT_RETURN_TYPE = YES_ERROR;
				GCC_WARN_UNDECLARED_SELECTOR = YES;
				GCC_WARN_UNINITIALIZED_AUTOS = YES_AGGRESSIVE;
				GCC_WARN_UNUSED_FUNCTION = YES;
				GCC_WARN_UNUSED_VARIABLE = YES;
				IPHONEOS_DEPLOYMENT_TARGET = 9.3;
				MTL_ENABLE_DEBUG_INFO = YES;
				ONLY_ACTIVE_ARCH = YES;
				SDKROOT = iphoneos;
				SWIFT_OPTIMIZATION_LEVEL = "-Onone";
			};
			name = Debug;
		};
		4EC50A521D31867500D5FD17 /* Release */ = {
			isa = XCBuildConfiguration;
			buildSettings = {
				ALWAYS_SEARCH_USER_PATHS = NO;
				CLANG_ANALYZER_NONNULL = YES;
				CLANG_CXX_LANGUAGE_STANDARD = "gnu++0x";
				CLANG_CXX_LIBRARY = "libc++";
				CLANG_ENABLE_MODULES = YES;
				CLANG_ENABLE_OBJC_ARC = YES;
				CLANG_WARN_BOOL_CONVERSION = YES;
				CLANG_WARN_CONSTANT_CONVERSION = YES;
				CLANG_WARN_DIRECT_OBJC_ISA_USAGE = YES_ERROR;
				CLANG_WARN_EMPTY_BODY = YES;
				CLANG_WARN_ENUM_CONVERSION = YES;
				CLANG_WARN_INT_CONVERSION = YES;
				CLANG_WARN_OBJC_ROOT_CLASS = YES_ERROR;
				CLANG_WARN_UNREACHABLE_CODE = YES;
				CLANG_WARN__DUPLICATE_METHOD_MATCH = YES;
				"CODE_SIGN_IDENTITY[sdk=iphoneos*]" = "iPhone Developer";
				COPY_PHASE_STRIP = NO;
				DEBUG_INFORMATION_FORMAT = "dwarf-with-dsym";
				ENABLE_NS_ASSERTIONS = NO;
				ENABLE_STRICT_OBJC_MSGSEND = YES;
				GCC_C_LANGUAGE_STANDARD = gnu99;
				GCC_NO_COMMON_BLOCKS = YES;
				GCC_WARN_64_TO_32_BIT_CONVERSION = YES;
				GCC_WARN_ABOUT_RETURN_TYPE = YES_ERROR;
				GCC_WARN_UNDECLARED_SELECTOR = YES;
				GCC_WARN_UNINITIALIZED_AUTOS = YES_AGGRESSIVE;
				GCC_WARN_UNUSED_FUNCTION = YES;
				GCC_WARN_UNUSED_VARIABLE = YES;
				IPHONEOS_DEPLOYMENT_TARGET = 9.3;
				MTL_ENABLE_DEBUG_INFO = NO;
				SDKROOT = iphoneos;
				VALIDATE_PRODUCT = YES;
			};
			name = Release;
		};
		4EC50A541D31867500D5FD17 /* Debug */ = {
			isa = XCBuildConfiguration;
			baseConfigurationReference = C42D6DB0188DC7BDC3F5F0AD /* Pods-Example.debug.xcconfig */;
			buildSettings = {
				ASSETCATALOG_COMPILER_APPICON_NAME = AppIcon;
				INFOPLIST_FILE = Example/Info.plist;
				IPHONEOS_DEPLOYMENT_TARGET = 8.1;
				LD_RUNPATH_SEARCH_PATHS = "$(inherited) @executable_path/Frameworks";
				PRODUCT_BUNDLE_IDENTIFIER = com.cocoatoucher.Example;
				PRODUCT_NAME = "$(TARGET_NAME)";
			};
			name = Debug;
		};
		4EC50A551D31867500D5FD17 /* Release */ = {
			isa = XCBuildConfiguration;
			baseConfigurationReference = 1E473F64E5B69B61F0465E4F /* Pods-Example.release.xcconfig */;
			buildSettings = {
				ASSETCATALOG_COMPILER_APPICON_NAME = AppIcon;
				INFOPLIST_FILE = Example/Info.plist;
				IPHONEOS_DEPLOYMENT_TARGET = 8.1;
				LD_RUNPATH_SEARCH_PATHS = "$(inherited) @executable_path/Frameworks";
				PRODUCT_BUNDLE_IDENTIFIER = com.cocoatoucher.Example;
				PRODUCT_NAME = "$(TARGET_NAME)";
			};
			name = Release;
		};
		4EC50A571D31867500D5FD17 /* Debug */ = {
			isa = XCBuildConfiguration;
			buildSettings = {
				BUNDLE_LOADER = "$(TEST_HOST)";
				INFOPLIST_FILE = ExampleTests/Info.plist;
				LD_RUNPATH_SEARCH_PATHS = "$(inherited) @executable_path/Frameworks @loader_path/Frameworks";
				PRODUCT_BUNDLE_IDENTIFIER = com.cocoatoucher.ExampleTests;
				PRODUCT_NAME = "$(TARGET_NAME)";
				TEST_HOST = "$(BUILT_PRODUCTS_DIR)/Example.app/Example";
			};
			name = Debug;
		};
		4EC50A581D31867500D5FD17 /* Release */ = {
			isa = XCBuildConfiguration;
			buildSettings = {
				BUNDLE_LOADER = "$(TEST_HOST)";
				INFOPLIST_FILE = ExampleTests/Info.plist;
				LD_RUNPATH_SEARCH_PATHS = "$(inherited) @executable_path/Frameworks @loader_path/Frameworks";
				PRODUCT_BUNDLE_IDENTIFIER = com.cocoatoucher.ExampleTests;
				PRODUCT_NAME = "$(TARGET_NAME)";
				TEST_HOST = "$(BUILT_PRODUCTS_DIR)/Example.app/Example";
			};
			name = Release;
		};
		4EC50A5A1D31867500D5FD17 /* Debug */ = {
			isa = XCBuildConfiguration;
			buildSettings = {
				INFOPLIST_FILE = ExampleUITests/Info.plist;
				LD_RUNPATH_SEARCH_PATHS = "$(inherited) @executable_path/Frameworks @loader_path/Frameworks";
				PRODUCT_BUNDLE_IDENTIFIER = com.cocoatoucher.ExampleUITests;
				PRODUCT_NAME = "$(TARGET_NAME)";
				TEST_TARGET_NAME = Example;
			};
			name = Debug;
		};
		4EC50A5B1D31867500D5FD17 /* Release */ = {
			isa = XCBuildConfiguration;
			buildSettings = {
				INFOPLIST_FILE = ExampleUITests/Info.plist;
				LD_RUNPATH_SEARCH_PATHS = "$(inherited) @executable_path/Frameworks @loader_path/Frameworks";
				PRODUCT_BUNDLE_IDENTIFIER = com.cocoatoucher.ExampleUITests;
				PRODUCT_NAME = "$(TARGET_NAME)";
				TEST_TARGET_NAME = Example;
			};
			name = Release;
		};
/* End XCBuildConfiguration section */

/* Begin XCConfigurationList section */
		4EC50A261D31867500D5FD17 /* Build configuration list for PBXProject "Example" */ = {
			isa = XCConfigurationList;
			buildConfigurations = (
				4EC50A511D31867500D5FD17 /* Debug */,
				4EC50A521D31867500D5FD17 /* Release */,
			);
			defaultConfigurationIsVisible = 0;
			defaultConfigurationName = Release;
		};
		4EC50A531D31867500D5FD17 /* Build configuration list for PBXNativeTarget "Example" */ = {
			isa = XCConfigurationList;
			buildConfigurations = (
				4EC50A541D31867500D5FD17 /* Debug */,
				4EC50A551D31867500D5FD17 /* Release */,
			);
			defaultConfigurationIsVisible = 0;
			defaultConfigurationName = Release;
		};
		4EC50A561D31867500D5FD17 /* Build configuration list for PBXNativeTarget "ExampleTests" */ = {
			isa = XCConfigurationList;
			buildConfigurations = (
				4EC50A571D31867500D5FD17 /* Debug */,
				4EC50A581D31867500D5FD17 /* Release */,
			);
			defaultConfigurationIsVisible = 0;
			defaultConfigurationName = Release;
		};
		4EC50A591D31867500D5FD17 /* Build configuration list for PBXNativeTarget "ExampleUITests" */ = {
			isa = XCConfigurationList;
			buildConfigurations = (
				4EC50A5A1D31867500D5FD17 /* Debug */,
				4EC50A5B1D31867500D5FD17 /* Release */,
			);
			defaultConfigurationIsVisible = 0;
			defaultConfigurationName = Release;
		};
/* End XCConfigurationList section */
	};
	rootObject = 4EC50A231D31867500D5FD17 /* Project object */;
}
